
Microsoft Visual Studio Solution File, Format Version 12.00
# Visual Studio Version 17
VisualStudioVersion = 17.6.33417.168
MinimumVisualStudioVersion = 10.0.40219.1
Project("{9A19103F-16F7-4668-BE54-9A1E7A4F7556}") = "Presence_API", "Presence_API.csproj", "{7B0AFD26-03B2-4966-9BA3-92A1CF1D0DBF}"
	ProjectSection(ProjectDependencies) = postProject
		{C9191012-4574-4F3F-8D2F-A4F889F1565B} = {C9191012-4574-4F3F-8D2F-A4F889F1565B}
	EndProjectSection
EndProject
Project("{9A19103F-16F7-4668-BE54-9A1E7A4F7556}") = "OpenAIApi", "..\OpenAIApi\OpenAIApi.csproj", "{C9191012-4574-4F3F-8D2F-A4F889F1565B}"
EndProject
Global
	GlobalSection(SolutionConfigurationPlatforms) = preSolution
		Debug|Any CPU = Debug|Any CPU
		Release|Any CPU = Release|Any CPU
	EndGlobalSection
	GlobalSection(ProjectConfigurationPlatforms) = postSolution
		{7B0AFD26-03B2-4966-9BA3-92A1CF1D0DBF}.Debug|Any CPU.ActiveCfg = Debug|Any CPU
		{7B0AFD26-03B2-4966-9BA3-92A1CF1D0DBF}.Debug|Any CPU.Build.0 = Debug|Any CPU
		{7B0AFD26-03B2-4966-9BA3-92A1CF1D0DBF}.Release|Any CPU.ActiveCfg = Release|Any CPU
		{7B0AFD26-03B2-4966-9BA3-92A1CF1D0DBF}.Release|Any CPU.Build.0 = Release|Any CPU
		{C9191012-4574-4F3F-8D2F-A4F889F1565B}.Debug|Any CPU.ActiveCfg = Debug|Any CPU
		{C9191012-4574-4F3F-8D2F-A4F889F1565B}.Debug|Any CPU.Build.0 = Debug|Any CPU
		{C9191012-4574-4F3F-8D2F-A4F889F1565B}.Release|Any CPU.ActiveCfg = Release|Any CPU
		{C9191012-4574-4F3F-8D2F-A4F889F1565B}.Release|Any CPU.Build.0 = Release|Any CPU
	EndGlobalSection
	GlobalSection(SolutionProperties) = preSolution
		HideSolutionNode = FALSE
	EndGlobalSection
	GlobalSection(ExtensibilityGlobals) = postSolution
		SolutionGuid = {42D36811-EF31-4463-B267-B3522E08385F}
	EndGlobalSection
EndGlobal
